// !$*UTF8*$!
{
	archiveVersion = 1;
	classes = {
	};
	objectVersion = 45;
	objects = {

/* Begin PBXBuildFile section */
		1D3623260D0F684500981E51 /* ORMMATestBedAppDelegate.m in Sources */ = {isa = PBXBuildFile; fileRef = 1D3623250D0F684500981E51 /* ORMMATestBedAppDelegate.m */; };
		1D60589B0D05DD56006BFB54 /* main.m in Sources */ = {isa = PBXBuildFile; fileRef = 29B97316FDCFA39411CA2CEA /* main.m */; };
		1D60589F0D05DD5A006BFB54 /* Foundation.framework in Frameworks */ = {isa = PBXBuildFile; fileRef = 1D30AB110D05D00D00671497 /* Foundation.framework */; };
		1DF5F4E00D08C38300B7A737 /* UIKit.framework in Frameworks */ = {isa = PBXBuildFile; fileRef = 1DF5F4DF0D08C38300B7A737 /* UIKit.framework */; };
		288765A50DF7441C002DB57D /* CoreGraphics.framework in Frameworks */ = {isa = PBXBuildFile; fileRef = 288765A40DF7441C002DB57D /* CoreGraphics.framework */; };
		2899E5220DE3E06400AC0155 /* ORMMATestBedViewController.xib in Resources */ = {isa = PBXBuildFile; fileRef = 2899E5210DE3E06400AC0155 /* ORMMATestBedViewController.xib */; };
		28AD733F0D9D9553002E5188 /* MainWindow.xib in Resources */ = {isa = PBXBuildFile; fileRef = 28AD733E0D9D9553002E5188 /* MainWindow.xib */; };
		28D7ACF80DDB3853001CB0EB /* ORMMATestBedViewController.m in Sources */ = {isa = PBXBuildFile; fileRef = 28D7ACF70DDB3853001CB0EB /* ORMMATestBedViewController.m */; };
		FAE3A613124261FB00285B32 /* libORMMA.a in Frameworks */ = {isa = PBXBuildFile; fileRef = FAE3A610124261FB00285B32 /* libORMMA.a */; };
		FAE3A614124261FB00285B32 /* ORMMA.bundle in Resources */ = {isa = PBXBuildFile; fileRef = FAE3A611124261FB00285B32 /* ORMMA.bundle */; };
		FAE3A6CC124299A500285B32 /* CFNetwork.framework in Frameworks */ = {isa = PBXBuildFile; fileRef = FAE3A6CB124299A500285B32 /* CFNetwork.framework */; };
		FAE3A6D0124299BB00285B32 /* libz.1.2.3.dylib in Frameworks */ = {isa = PBXBuildFile; fileRef = FAE3A6CF124299BB00285B32 /* libz.1.2.3.dylib */; };
		FAE3A6D4124299F100285B32 /* EventKit.framework in Frameworks */ = {isa = PBXBuildFile; fileRef = FAE3A6D3124299F100285B32 /* EventKit.framework */; };
		FAE3A6D6124299F100285B32 /* EventKitUI.framework in Frameworks */ = {isa = PBXBuildFile; fileRef = FAE3A6D5124299F100285B32 /* EventKitUI.framework */; };
		FAE3A6D8124299F100285B32 /* MessageUI.framework in Frameworks */ = {isa = PBXBuildFile; fileRef = FAE3A6D7124299F100285B32 /* MessageUI.framework */; };
		FAE3A6DA124299F100285B32 /* QuartzCore.framework in Frameworks */ = {isa = PBXBuildFile; fileRef = FAE3A6D9124299F100285B32 /* QuartzCore.framework */; };
		FAE3A6DC124299F100285B32 /* SystemConfiguration.framework in Frameworks */ = {isa = PBXBuildFile; fileRef = FAE3A6DB124299F100285B32 /* SystemConfiguration.framework */; };
		FAE3A7B512429A8200285B32 /* CoreFoundation.framework in Frameworks */ = {isa = PBXBuildFile; fileRef = FAE3A7B412429A8200285B32 /* CoreFoundation.framework */; };
		FAE3A7B712429A8200285B32 /* CoreLocation.framework in Frameworks */ = {isa = PBXBuildFile; fileRef = FAE3A7B612429A8200285B32 /* CoreLocation.framework */; };
		FAE3A7EF12429AD800285B32 /* MobileCoreServices.framework in Frameworks */ = {isa = PBXBuildFile; fileRef = FAE3A7EE12429AD800285B32 /* MobileCoreServices.framework */; };
		FAE3A9701242D9DF00285B32 /* Ad.html in Resources */ = {isa = PBXBuildFile; fileRef = FAE3A96F1242D9DF00285B32 /* Ad.html */; };
/* End PBXBuildFile section */

/* Begin PBXFileReference section */
		1D30AB110D05D00D00671497 /* Foundation.framework */ = {isa = PBXFileReference; lastKnownFileType = wrapper.framework; name = Foundation.framework; path = System/Library/Frameworks/Foundation.framework; sourceTree = SDKROOT; };
		1D3623240D0F684500981E51 /* ORMMATestBedAppDelegate.h */ = {isa = PBXFileReference; fileEncoding = 4; lastKnownFileType = sourcecode.c.h; path = ORMMATestBedAppDelegate.h; sourceTree = "<group>"; };
		1D3623250D0F684500981E51 /* ORMMATestBedAppDelegate.m */ = {isa = PBXFileReference; fileEncoding = 4; lastKnownFileType = sourcecode.c.objc; path = ORMMATestBedAppDelegate.m; sourceTree = "<group>"; };
		1D6058910D05DD3D006BFB54 /* ORMMATestBed.app */ = {isa = PBXFileReference; explicitFileType = wrapper.application; includeInIndex = 0; path = ORMMATestBed.app; sourceTree = BUILT_PRODUCTS_DIR; };
		1DF5F4DF0D08C38300B7A737 /* UIKit.framework */ = {isa = PBXFileReference; lastKnownFileType = wrapper.framework; name = UIKit.framework; path = System/Library/Frameworks/UIKit.framework; sourceTree = SDKROOT; };
		288765A40DF7441C002DB57D /* CoreGraphics.framework */ = {isa = PBXFileReference; lastKnownFileType = wrapper.framework; name = CoreGraphics.framework; path = System/Library/Frameworks/CoreGraphics.framework; sourceTree = SDKROOT; };
		2899E5210DE3E06400AC0155 /* ORMMATestBedViewController.xib */ = {isa = PBXFileReference; lastKnownFileType = file.xib; name = ORMMATestBedViewController.xib; path = ../ORMMATestBedViewController.xib; sourceTree = "<group>"; };
		28AD733E0D9D9553002E5188 /* MainWindow.xib */ = {isa = PBXFileReference; lastKnownFileType = file.xib; name = MainWindow.xib; path = ../MainWindow.xib; sourceTree = "<group>"; };
		28D7ACF60DDB3853001CB0EB /* ORMMATestBedViewController.h */ = {isa = PBXFileReference; fileEncoding = 4; lastKnownFileType = sourcecode.c.h; path = ORMMATestBedViewController.h; sourceTree = "<group>"; };
		28D7ACF70DDB3853001CB0EB /* ORMMATestBedViewController.m */ = {isa = PBXFileReference; fileEncoding = 4; lastKnownFileType = sourcecode.c.objc; path = ORMMATestBedViewController.m; sourceTree = "<group>"; };
		29B97316FDCFA39411CA2CEA /* main.m */ = {isa = PBXFileReference; fileEncoding = 4; lastKnownFileType = sourcecode.c.objc; path = main.m; sourceTree = "<group>"; };
		32CA4F630368D1EE00C91783 /* ORMMATestBed_Prefix.pch */ = {isa = PBXFileReference; fileEncoding = 4; lastKnownFileType = sourcecode.c.h; path = ORMMATestBed_Prefix.pch; sourceTree = "<group>"; };
		8D1107310486CEB800E47090 /* ORMMATestBed-Info.plist */ = {isa = PBXFileReference; fileEncoding = 4; lastKnownFileType = text.plist.xml; path = "ORMMATestBed-Info.plist"; plistStructureDefinitionIdentifier = "com.apple.xcode.plist.structure-definition.iphone.info-plist"; sourceTree = "<group>"; };
		FAE3A610124261FB00285B32 /* libORMMA.a */ = {isa = PBXFileReference; lastKnownFileType = archive.ar; path = libORMMA.a; sourceTree = "<group>"; };
		FAE3A611124261FB00285B32 /* ORMMA.bundle */ = {isa = PBXFileReference; lastKnownFileType = "wrapper.plug-in"; path = ORMMA.bundle; sourceTree = "<group>"; };
		FAE3A612124261FB00285B32 /* ORMMAView.h */ = {isa = PBXFileReference; fileEncoding = 4; lastKnownFileType = sourcecode.c.h; path = ORMMAView.h; sourceTree = "<group>"; };
		FAE3A6CB124299A500285B32 /* CFNetwork.framework */ = {isa = PBXFileReference; lastKnownFileType = wrapper.framework; name = CFNetwork.framework; path = System/Library/Frameworks/CFNetwork.framework; sourceTree = SDKROOT; };
		FAE3A6CF124299BB00285B32 /* libz.1.2.3.dylib */ = {isa = PBXFileReference; lastKnownFileType = "compiled.mach-o.dylib"; name = libz.1.2.3.dylib; path = usr/lib/libz.1.2.3.dylib; sourceTree = SDKROOT; };
		FAE3A6D3124299F100285B32 /* EventKit.framework */ = {isa = PBXFileReference; lastKnownFileType = wrapper.framework; name = EventKit.framework; path = System/Library/Frameworks/EventKit.framework; sourceTree = SDKROOT; };
		FAE3A6D5124299F100285B32 /* EventKitUI.framework */ = {isa = PBXFileReference; lastKnownFileType = wrapper.framework; name = EventKitUI.framework; path = System/Library/Frameworks/EventKitUI.framework; sourceTree = SDKROOT; };
		FAE3A6D7124299F100285B32 /* MessageUI.framework */ = {isa = PBXFileReference; lastKnownFileType = wrapper.framework; name = MessageUI.framework; path = System/Library/Frameworks/MessageUI.framework; sourceTree = SDKROOT; };
		FAE3A6D9124299F100285B32 /* QuartzCore.framework */ = {isa = PBXFileReference; lastKnownFileType = wrapper.framework; name = QuartzCore.framework; path = System/Library/Frameworks/QuartzCore.framework; sourceTree = SDKROOT; };
		FAE3A6DB124299F100285B32 /* SystemConfiguration.framework */ = {isa = PBXFileReference; lastKnownFileType = wrapper.framework; name = SystemConfiguration.framework; path = System/Library/Frameworks/SystemConfiguration.framework; sourceTree = SDKROOT; };
		FAE3A7B412429A8200285B32 /* CoreFoundation.framework */ = {isa = PBXFileReference; lastKnownFileType = wrapper.framework; name = CoreFoundation.framework; path = System/Library/Frameworks/CoreFoundation.framework; sourceTree = SDKROOT; };
		FAE3A7B612429A8200285B32 /* CoreLocation.framework */ = {isa = PBXFileReference; lastKnownFileType = wrapper.framework; name = CoreLocation.framework; path = System/Library/Frameworks/CoreLocation.framework; sourceTree = SDKROOT; };
		FAE3A7EE12429AD800285B32 /* MobileCoreServices.framework */ = {isa = PBXFileReference; lastKnownFileType = wrapper.framework; name = MobileCoreServices.framework; path = System/Library/Frameworks/MobileCoreServices.framework; sourceTree = SDKROOT; };
		FAE3A96F1242D9DF00285B32 /* Ad.html */ = {isa = PBXFileReference; fileEncoding = 4; lastKnownFileType = text.html; path = Ad.html; sourceTree = "<group>"; };
/* End PBXFileReference section */

/* Begin PBXFrameworksBuildPhase section */
		1D60588F0D05DD3D006BFB54 /* Frameworks */ = {
			isa = PBXFrameworksBuildPhase;
			buildActionMask = 2147483647;
			files = (
				FAE3A6CC124299A500285B32 /* CFNetwork.framework in Frameworks */,
				FAE3A7B512429A8200285B32 /* CoreFoundation.framework in Frameworks */,
				288765A50DF7441C002DB57D /* CoreGraphics.framework in Frameworks */,
				FAE3A7B712429A8200285B32 /* CoreLocation.framework in Frameworks */,
				FAE3A6D4124299F100285B32 /* EventKit.framework in Frameworks */,
				FAE3A6D6124299F100285B32 /* EventKitUI.framework in Frameworks */,
				1D60589F0D05DD5A006BFB54 /* Foundation.framework in Frameworks */,
				FAE3A613124261FB00285B32 /* libORMMA.a in Frameworks */,
				FAE3A6D0124299BB00285B32 /* libz.1.2.3.dylib in Frameworks */,
				FAE3A6D8124299F100285B32 /* MessageUI.framework in Frameworks */,
				FAE3A7EF12429AD800285B32 /* MobileCoreServices.framework in Frameworks */,
				FAE3A6DA124299F100285B32 /* QuartzCore.framework in Frameworks */,
				FAE3A6DC124299F100285B32 /* SystemConfiguration.framework in Frameworks */,
				1DF5F4E00D08C38300B7A737 /* UIKit.framework in Frameworks */,
			);
			runOnlyForDeploymentPostprocessing = 0;
		};
/* End PBXFrameworksBuildPhase section */

/* Begin PBXGroup section */
		080E96DDFE201D6D7F000001 /* Classes */ = {
			isa = PBXGroup;
			children = (
				28AD733E0D9D9553002E5188 /* MainWindow.xib */,
				1D3623240D0F684500981E51 /* ORMMATestBedAppDelegate.h */,
				1D3623250D0F684500981E51 /* ORMMATestBedAppDelegate.m */,
				28D7ACF60DDB3853001CB0EB /* ORMMATestBedViewController.h */,
				28D7ACF70DDB3853001CB0EB /* ORMMATestBedViewController.m */,
				2899E5210DE3E06400AC0155 /* ORMMATestBedViewController.xib */,
			);
			path = Classes;
			sourceTree = "<group>";
		};
		19C28FACFE9D520D11CA2CBB /* Products */ = {
			isa = PBXGroup;
			children = (
				1D6058910D05DD3D006BFB54 /* ORMMATestBed.app */,
			);
			name = Products;
			sourceTree = "<group>";
		};
		29B97314FDCFA39411CA2CEA /* CustomTemplate */ = {
			isa = PBXGroup;
			children = (
				080E96DDFE201D6D7F000001 /* Classes */,
				FAE3A60B124261AE00285B32 /* ORMMA */,
				29B97315FDCFA39411CA2CEA /* Other Sources */,
				29B97317FDCFA39411CA2CEA /* Resources */,
				29B97323FDCFA39411CA2CEA /* Frameworks */,
				19C28FACFE9D520D11CA2CBB /* Products */,
			);
			name = CustomTemplate;
			sourceTree = "<group>";
		};
		29B97315FDCFA39411CA2CEA /* Other Sources */ = {
			isa = PBXGroup;
			children = (
				32CA4F630368D1EE00C91783 /* ORMMATestBed_Prefix.pch */,
				29B97316FDCFA39411CA2CEA /* main.m */,
			);
			name = "Other Sources";
			sourceTree = "<group>";
		};
		29B97317FDCFA39411CA2CEA /* Resources */ = {
			isa = PBXGroup;
			children = (
				8D1107310486CEB800E47090 /* ORMMATestBed-Info.plist */,
				FAE3A96F1242D9DF00285B32 /* Ad.html */,
			);
			name = Resources;
			sourceTree = "<group>";
		};
		29B97323FDCFA39411CA2CEA /* Frameworks */ = {
			isa = PBXGroup;
			children = (
				FAE3A6CB124299A500285B32 /* CFNetwork.framework */,
				FAE3A7B412429A8200285B32 /* CoreFoundation.framework */,
				288765A40DF7441C002DB57D /* CoreGraphics.framework */,
				FAE3A7B612429A8200285B32 /* CoreLocation.framework */,
				FAE3A6D3124299F100285B32 /* EventKit.framework */,
				FAE3A6D5124299F100285B32 /* EventKitUI.framework */,
				1D30AB110D05D00D00671497 /* Foundation.framework */,
				FAE3A6CF124299BB00285B32 /* libz.1.2.3.dylib */,
				FAE3A6D7124299F100285B32 /* MessageUI.framework */,
				FAE3A7EE12429AD800285B32 /* MobileCoreServices.framework */,
				FAE3A6D9124299F100285B32 /* QuartzCore.framework */,
				FAE3A6DB124299F100285B32 /* SystemConfiguration.framework */,
				1DF5F4DF0D08C38300B7A737 /* UIKit.framework */,
			);
			name = Frameworks;
			sourceTree = "<group>";
		};
		FAE3A60B124261AE00285B32 /* ORMMA */ = {
			isa = PBXGroup;
			children = (
				FAE3A610124261FB00285B32 /* libORMMA.a */,
				FAE3A611124261FB00285B32 /* ORMMA.bundle */,
				FAE3A612124261FB00285B32 /* ORMMAView.h */,
			);
			path = ORMMA;
			sourceTree = "<group>";
		};
/* End PBXGroup section */

/* Begin PBXNativeTarget section */
		1D6058900D05DD3D006BFB54 /* ORMMATestBed */ = {
			isa = PBXNativeTarget;
			buildConfigurationList = 1D6058960D05DD3E006BFB54 /* Build configuration list for PBXNativeTarget "ORMMATestBed" */;
			buildPhases = (
				1D60588D0D05DD3D006BFB54 /* Resources */,
				1D60588E0D05DD3D006BFB54 /* Sources */,
				1D60588F0D05DD3D006BFB54 /* Frameworks */,
			);
			buildRules = (
			);
			dependencies = (
			);
			name = ORMMATestBed;
			productName = ORMMATestBed;
			productReference = 1D6058910D05DD3D006BFB54 /* ORMMATestBed.app */;
			productType = "com.apple.product-type.application";
		};
/* End PBXNativeTarget section */

/* Begin PBXProject section */
		29B97313FDCFA39411CA2CEA /* Project object */ = {
			isa = PBXProject;
			buildConfigurationList = C01FCF4E08A954540054247B /* Build configuration list for PBXProject "ORMMATestBed" */;
			compatibilityVersion = "Xcode 3.1";
			developmentRegion = English;
			hasScannedForEncodings = 1;
			knownRegions = (
				English,
				Japanese,
				French,
				German,
			);
			mainGroup = 29B97314FDCFA39411CA2CEA /* CustomTemplate */;
			projectDirPath = "";
			projectRoot = "";
			targets = (
				1D6058900D05DD3D006BFB54 /* ORMMATestBed */,
			);
		};
/* End PBXProject section */

/* Begin PBXResourcesBuildPhase section */
		1D60588D0D05DD3D006BFB54 /* Resources */ = {
			isa = PBXResourcesBuildPhase;
			buildActionMask = 2147483647;
			files = (
				28AD733F0D9D9553002E5188 /* MainWindow.xib in Resources */,
				2899E5220DE3E06400AC0155 /* ORMMATestBedViewController.xib in Resources */,
				FAE3A614124261FB00285B32 /* ORMMA.bundle in Resources */,
				FAE3A9701242D9DF00285B32 /* Ad.html in Resources */,
			);
			runOnlyForDeploymentPostprocessing = 0;
		};
/* End PBXResourcesBuildPhase section */

/* Begin PBXSourcesBuildPhase section */
		1D60588E0D05DD3D006BFB54 /* Sources */ = {
			isa = PBXSourcesBuildPhase;
			buildActionMask = 2147483647;
			files = (
				1D60589B0D05DD56006BFB54 /* main.m in Sources */,
				1D3623260D0F684500981E51 /* ORMMATestBedAppDelegate.m in Sources */,
				28D7ACF80DDB3853001CB0EB /* ORMMATestBedViewController.m in Sources */,
			);
			runOnlyForDeploymentPostprocessing = 0;
		};
/* End PBXSourcesBuildPhase section */

/* Begin XCBuildConfiguration section */
		1D6058940D05DD3E006BFB54 /* Debug */ = {
			isa = XCBuildConfiguration;
			buildSettings = {
				ALWAYS_SEARCH_USER_PATHS = NO;
				COPY_PHASE_STRIP = NO;
				GCC_DYNAMIC_NO_PIC = NO;
				GCC_OPTIMIZATION_LEVEL = 0;
				GCC_PRECOMPILE_PREFIX_HEADER = YES;
				GCC_PREFIX_HEADER = ORMMATestBed_Prefix.pch;
				INFOPLIST_FILE = "ORMMATestBed-Info.plist";
				LIBRARY_SEARCH_PATHS = (
					"$(inherited)",
					"\"$(SRCROOT)/ORMMA\"",
				);
				PRODUCT_NAME = ORMMATestBed;
			};
			name = Debug;
		};
		1D6058950D05DD3E006BFB54 /* Release */ = {
			isa = XCBuildConfiguration;
			buildSettings = {
				ALWAYS_SEARCH_USER_PATHS = NO;
				COPY_PHASE_STRIP = YES;
				GCC_PRECOMPILE_PREFIX_HEADER = YES;
				GCC_PREFIX_HEADER = ORMMATestBed_Prefix.pch;
				INFOPLIST_FILE = "ORMMATestBed-Info.plist";
				LIBRARY_SEARCH_PATHS = (
					"$(inherited)",
					"\"$(SRCROOT)/ORMMA\"",
				);
				PRODUCT_NAME = ORMMATestBed;
				VALIDATE_PRODUCT = YES;
			};
			name = Release;
		};
		C01FCF4F08A954540054247B /* Debug */ = {
			isa = XCBuildConfiguration;
			buildSettings = {
				ARCHS = "$(ARCHS_STANDARD_32_BIT)";
				"CODE_SIGN_IDENTITY[sdk=iphoneos*]" = "iPhone Developer";
				GCC_C_LANGUAGE_STANDARD = c99;
				GCC_WARN_ABOUT_RETURN_TYPE = YES;
				GCC_WARN_UNUSED_VARIABLE = YES;
				HEADER_SEARCH_PATHS = "../ORMA/**";
				OTHER_LDFLAGS = (
					"-ObjC",
					"-all_load",
				);
				PREBINDING = NO;
				SDKROOT = iphoneos4.1;
			};
			name = Debug;
		};
		C01FCF5008A954540054247B /* Release */ = {
			isa = XCBuildConfiguration;
			buildSettings = {
				ARCHS = "$(ARCHS_STANDARD_32_BIT)";
				"CODE_SIGN_IDENTITY[sdk=iphoneos*]" = "iPhone Developer";
				GCC_C_LANGUAGE_STANDARD = c99;
				GCC_WARN_ABOUT_RETURN_TYPE = YES;
				GCC_WARN_UNUSED_VARIABLE = YES;
				HEADER_SEARCH_PATHS = "../ORMA/**";
				OTHER_CFLAGS = "-DNS_BLOCK_ASSERTIONS=1";
				OTHER_LDFLAGS = (
					"-ObjC",
					"-all_load",
				);
				PREBINDING = NO;
				SDKROOT = iphoneos4.1;
			};
			name = Release;
		};
/* End XCBuildConfiguration section */

/* Begin XCConfigurationList section */
		1D6058960D05DD3E006BFB54 /* Build configuration list for PBXNativeTarget "ORMMATestBed" */ = {
			isa = XCConfigurationList;
			buildConfigurations = (
				1D6058940D05DD3E006BFB54 /* Debug */,
				1D6058950D05DD3E006BFB54 /* Release */,
			);
			defaultConfigurationIsVisible = 0;
			defaultConfigurationName = Release;
		};
		C01FCF4E08A954540054247B /* Build configuration list for PBXProject "ORMMATestBed" */ = {
			isa = XCConfigurationList;
			buildConfigurations = (
				C01FCF4F08A954540054247B /* Debug */,
				C01FCF5008A954540054247B /* Release */,
			);
			defaultConfigurationIsVisible = 0;
			defaultConfigurationName = Release;
		};
/* End XCConfigurationList section */
	};
	rootObject = 29B97313FDCFA39411CA2CEA /* Project object */;
}
